{
  "nodes": {
    "nixpkgs": {
      "locked": {
        "lastModified": 1684324388,
        "narHash": "sha256-TUG6jbri7vxeQZSeE1UCuEHxZU2oGrbvoKHvC+YQ0aQ=",
        "owner": "NixOS",
        "repo": "nixpkgs",
        "rev": "1323df1ade9902f59f25568edcdea8e3f530148b",
        "type": "github"
      },
      "original": {
        "owner": "NixOS",
        "repo": "nixpkgs",
        "type": "github"
      }
    },
    "root": {
      "inputs": {
        "nixpkgs": "nixpkgs"
      }
    }
  },
  "root": "root",
  "version": 7
}
